
Microsoft Visual Studio Solution File, Format Version 11.00
# Visual Studio 2010
Project("{FAE04EC0-301F-11D3-BF4B-00C04F79EFBC}") = "Commando", "Commando\Commando.csproj", "{3804CB20-BF8C-4AE8-9BFF-859B4A117AF5}"
EndProject
Project("{FAE04EC0-301F-11D3-BF4B-00C04F79EFBC}") = "Commando.Core", "Commando.Core\Commando.Core.csproj", "{E828F7EA-7A58-46F3-BEAA-511042FD84FA}"
EndProject
Project("{FAE04EC0-301F-11D3-BF4B-00C04F79EFBC}") = "Commando.Core.Tests", "Commando.Core.Tests\Commando.Core.Tests.csproj", "{EA5BE6AD-07DC-42AE-A29B-F5EA3EED3B27}"
EndProject
Global
	GlobalSection(SolutionConfigurationPlatforms) = preSolution
		Debug|Any CPU = Debug|Any CPU
		Release|Any CPU = Release|Any CPU
	EndGlobalSection
	GlobalSection(ProjectConfigurationPlatforms) = postSolution
		{3804CB20-BF8C-4AE8-9BFF-859B4A117AF5}.Debug|Any CPU.ActiveCfg = Debug|Any CPU
		{3804CB20-BF8C-4AE8-9BFF-859B4A117AF5}.Debug|Any CPU.Build.0 = Debug|Any CPU
		{3804CB20-BF8C-4AE8-9BFF-859B4A117AF5}.Release|Any CPU.ActiveCfg = Release|Any CPU
		{3804CB20-BF8C-4AE8-9BFF-859B4A117AF5}.Release|Any CPU.Build.0 = Release|Any CPU
		{E828F7EA-7A58-46F3-BEAA-511042FD84FA}.Debug|Any CPU.ActiveCfg = Debug|Any CPU
		{E828F7EA-7A58-46F3-BEAA-511042FD84FA}.Debug|Any CPU.Build.0 = Debug|Any CPU
		{E828F7EA-7A58-46F3-BEAA-511042FD84FA}.Release|Any CPU.ActiveCfg = Release|Any CPU
		{E828F7EA-7A58-46F3-BEAA-511042FD84FA}.Release|Any CPU.Build.0 = Release|Any CPU
		{EA5BE6AD-07DC-42AE-A29B-F5EA3EED3B27}.Debug|Any CPU.ActiveCfg = Debug|Any CPU
		{EA5BE6AD-07DC-42AE-A29B-F5EA3EED3B27}.Debug|Any CPU.Build.0 = Debug|Any CPU
		{EA5BE6AD-07DC-42AE-A29B-F5EA3EED3B27}.Release|Any CPU.ActiveCfg = Release|Any CPU
		{EA5BE6AD-07DC-42AE-A29B-F5EA3EED3B27}.Release|Any CPU.Build.0 = Release|Any CPU
	EndGlobalSection
	GlobalSection(SolutionProperties) = preSolution
		HideSolutionNode = FALSE
	EndGlobalSection
EndGlobal
